
Microsoft Visual Studio Solution File, Format Version 12.00
# Visual Studio Version 16
VisualStudioVersion = 16.0.34601.136
MinimumVisualStudioVersion = 10.0.40219.1
Project("{FAE04EC0-301F-11D3-BF4B-00C04F79EFBC}") = "Csharp.CadastroClientes", "Csharp.CadastroClientes\Csharp.CadastroClientes.csproj", "{BB11E587-9C2E-4853-A8F8-01FAFF0751A3}"
EndProject
Global
	GlobalSection(SolutionConfigurationPlatforms) = preSolution
		Debug|Any CPU = Debug|Any CPU
		Release|Any CPU = Release|Any CPU
	EndGlobalSection
	GlobalSection(ProjectConfigurationPlatforms) = postSolution
		{BB11E587-9C2E-4853-A8F8-01FAFF0751A3}.Debug|Any CPU.ActiveCfg = Debug|Any CPU
		{BB11E587-9C2E-4853-A8F8-01FAFF0751A3}.Debug|Any CPU.Build.0 = Debug|Any CPU
		{BB11E587-9C2E-4853-A8F8-01FAFF0751A3}.Release|Any CPU.ActiveCfg = Release|Any CPU
		{BB11E587-9C2E-4853-A8F8-01FAFF0751A3}.Release|Any CPU.Build.0 = Release|Any CPU
	EndGlobalSection
	GlobalSection(SolutionProperties) = preSolution
		HideSolutionNode = FALSE
	EndGlobalSection
	GlobalSection(ExtensibilityGlobals) = postSolution
		SolutionGuid = {B477E0E3-3587-4D5E-83DA-919660047220}
	EndGlobalSection
EndGlobal
